
Microsoft Visual Studio Solution File, Format Version 12.00
# Visual Studio Version 17
VisualStudioVersion = 17.0.31903.59
MinimumVisualStudioVersion = 10.0.40219.1
Project("{FAE04EC0-301F-11D3-BF4B-00C04F79EFBC}") = "BuberDinner.Api", "BuberDinner.Api\BuberDinner.Api.csproj", "{32C2F14A-57E7-4C01-8526-91906D7CB82E}"
EndProject
Project("{FAE04EC0-301F-11D3-BF4B-00C04F79EFBC}") = "BuberDinner.Application", "BuberDinner.Application\BuberDinner.Application.csproj", "{ED99A986-2793-46D5-B1D4-90CC421BC486}"
EndProject
Project("{FAE04EC0-301F-11D3-BF4B-00C04F79EFBC}") = "BuberDinner.Contracts", "BuberDinner.Contracts\BuberDinner.Contracts.csproj", "{B73F82DA-DDCC-46A3-B05C-7806BC9DB7C2}"
EndProject
Project("{FAE04EC0-301F-11D3-BF4B-00C04F79EFBC}") = "BuberDinner.Domain", "BuberDinner.Domain\BuberDinner.Domain.csproj", "{3EFE202B-3BA8-4803-9970-DB581D89204C}"
EndProject
Project("{FAE04EC0-301F-11D3-BF4B-00C04F79EFBC}") = "BuberDinner.Infrastructure", "BuberDinner.Infrastructure\BuberDinner.Infrastructure.csproj", "{2AA9D66A-56CF-41CE-993A-15B7362EF15E}"
EndProject
Global
	GlobalSection(SolutionConfigurationPlatforms) = preSolution
		Debug|Any CPU = Debug|Any CPU
		Release|Any CPU = Release|Any CPU
	EndGlobalSection
	GlobalSection(SolutionProperties) = preSolution
		HideSolutionNode = FALSE
	EndGlobalSection
	GlobalSection(ProjectConfigurationPlatforms) = postSolution
		{32C2F14A-57E7-4C01-8526-91906D7CB82E}.Debug|Any CPU.ActiveCfg = Debug|Any CPU
		{32C2F14A-57E7-4C01-8526-91906D7CB82E}.Debug|Any CPU.Build.0 = Debug|Any CPU
		{32C2F14A-57E7-4C01-8526-91906D7CB82E}.Release|Any CPU.ActiveCfg = Release|Any CPU
		{32C2F14A-57E7-4C01-8526-91906D7CB82E}.Release|Any CPU.Build.0 = Release|Any CPU
		{ED99A986-2793-46D5-B1D4-90CC421BC486}.Debug|Any CPU.ActiveCfg = Debug|Any CPU
		{ED99A986-2793-46D5-B1D4-90CC421BC486}.Debug|Any CPU.Build.0 = Debug|Any CPU
		{ED99A986-2793-46D5-B1D4-90CC421BC486}.Release|Any CPU.ActiveCfg = Release|Any CPU
		{ED99A986-2793-46D5-B1D4-90CC421BC486}.Release|Any CPU.Build.0 = Release|Any CPU
		{B73F82DA-DDCC-46A3-B05C-7806BC9DB7C2}.Debug|Any CPU.ActiveCfg = Debug|Any CPU
		{B73F82DA-DDCC-46A3-B05C-7806BC9DB7C2}.Debug|Any CPU.Build.0 = Debug|Any CPU
		{B73F82DA-DDCC-46A3-B05C-7806BC9DB7C2}.Release|Any CPU.ActiveCfg = Release|Any CPU
		{B73F82DA-DDCC-46A3-B05C-7806BC9DB7C2}.Release|Any CPU.Build.0 = Release|Any CPU
		{3EFE202B-3BA8-4803-9970-DB581D89204C}.Debug|Any CPU.ActiveCfg = Debug|Any CPU
		{3EFE202B-3BA8-4803-9970-DB581D89204C}.Debug|Any CPU.Build.0 = Debug|Any CPU
		{3EFE202B-3BA8-4803-9970-DB581D89204C}.Release|Any CPU.ActiveCfg = Release|Any CPU
		{3EFE202B-3BA8-4803-9970-DB581D89204C}.Release|Any CPU.Build.0 = Release|Any CPU
		{2AA9D66A-56CF-41CE-993A-15B7362EF15E}.Debug|Any CPU.ActiveCfg = Debug|Any CPU
		{2AA9D66A-56CF-41CE-993A-15B7362EF15E}.Debug|Any CPU.Build.0 = Debug|Any CPU
		{2AA9D66A-56CF-41CE-993A-15B7362EF15E}.Release|Any CPU.ActiveCfg = Release|Any CPU
		{2AA9D66A-56CF-41CE-993A-15B7362EF15E}.Release|Any CPU.Build.0 = Release|Any CPU
	EndGlobalSection
EndGlobal
